
Microsoft Visual Studio Solution File, Format Version 12.00
# Visual Studio 15
VisualStudioVersion = 15.0.26621.2
MinimumVisualStudioVersion = 10.0.40219.1
Project("{FAE04EC0-301F-11D3-BF4B-00C04F79EFBC}") = "Common.Standard", "Common.Standard\Common.Standard.csproj", "{EB135902-54FF-4937-97A5-554BFBE9F6D4}"
EndProject
Global
	GlobalSection(SolutionConfigurationPlatforms) = preSolution
		Debug|Any CPU = Debug|Any CPU
		Release|Any CPU = Release|Any CPU
	EndGlobalSection
	GlobalSection(ProjectConfigurationPlatforms) = postSolution
		{EB135902-54FF-4937-97A5-554BFBE9F6D4}.Debug|Any CPU.ActiveCfg = Debug|Any CPU
		{EB135902-54FF-4937-97A5-554BFBE9F6D4}.Debug|Any CPU.Build.0 = Debug|Any CPU
		{EB135902-54FF-4937-97A5-554BFBE9F6D4}.Release|Any CPU.ActiveCfg = Release|Any CPU
		{EB135902-54FF-4937-97A5-554BFBE9F6D4}.Release|Any CPU.Build.0 = Release|Any CPU
	EndGlobalSection
	GlobalSection(SolutionProperties) = preSolution
		HideSolutionNode = FALSE
	EndGlobalSection
	GlobalSection(ExtensibilityGlobals) = postSolution
		SolutionGuid = {3F6A7EE0-5621-4385-A3C7-47DF45E3867E}
	EndGlobalSection
EndGlobal
